
Microsoft Visual Studio Solution File, Format Version 12.00
# Visual Studio Version 17
VisualStudioVersion = 17.3.32901.215
MinimumVisualStudioVersion = 10.0.40219.1
Project("{FAE04EC0-301F-11D3-BF4B-00C04F79EFBC}") = "HelloWorldT2", "HelloWorldT2\HelloWorldT2.csproj", "{95B264C6-2C56-4B37-A750-A62CEC72BC07}"
EndProject
Global
	GlobalSection(SolutionConfigurationPlatforms) = preSolution
		Debug|Any CPU = Debug|Any CPU
		Release|Any CPU = Release|Any CPU
	EndGlobalSection
	GlobalSection(ProjectConfigurationPlatforms) = postSolution
		{95B264C6-2C56-4B37-A750-A62CEC72BC07}.Debug|Any CPU.ActiveCfg = Debug|Any CPU
		{95B264C6-2C56-4B37-A750-A62CEC72BC07}.Debug|Any CPU.Build.0 = Debug|Any CPU
		{95B264C6-2C56-4B37-A750-A62CEC72BC07}.Release|Any CPU.ActiveCfg = Release|Any CPU
		{95B264C6-2C56-4B37-A750-A62CEC72BC07}.Release|Any CPU.Build.0 = Release|Any CPU
	EndGlobalSection
	GlobalSection(SolutionProperties) = preSolution
		HideSolutionNode = FALSE
	EndGlobalSection
	GlobalSection(ExtensibilityGlobals) = postSolution
		SolutionGuid = {0E4B8378-9952-4742-8B46-D674513C3746}
	EndGlobalSection
EndGlobal
